[[package]]
category = "dev"
description = "A small Python module for determining appropriate platform-specific dirs, e.g. a \"user data dir\"."
name = "appdirs"
optional = false
python-versions = "*"
version = "1.4.3"

[[package]]
category = "dev"
description = "An abstract syntax tree for Python with inference support."
name = "astroid"
optional = false
python-versions = ">=3.4.*"
version = "2.2.5"

[package.dependencies]
lazy-object-proxy = "*"
six = "*"
typed-ast = ">=1.3.0"
wrapt = "*"

[[package]]
category = "dev"
description = "Atomic file writes."
name = "atomicwrites"
optional = false
python-versions = ">=2.7, !=3.0.*, !=3.1.*, !=3.2.*, !=3.3.*"
version = "1.3.0"

[[package]]
category = "dev"
description = "Classes Without Boilerplate"
name = "attrs"
optional = false
python-versions = ">=2.7, !=3.0.*, !=3.1.*, !=3.2.*, !=3.3.*"
version = "19.1.0"

[package.extras]
dev = ["coverage", "hypothesis", "pympler", "pytest", "six", "zope.interface", "sphinx", "pre-commit"]
docs = ["sphinx", "zope.interface"]
tests = ["coverage", "hypothesis", "pympler", "pytest", "six", "zope.interface"]

[[package]]
category = "dev"
description = "The uncompromising code formatter."
name = "black"
optional = false
python-versions = ">=3.6"
version = "18.9b0"

[package.dependencies]
appdirs = "*"
attrs = ">=17.4.0"
click = ">=6.5"
toml = ">=0.9.4"

[package.extras]
d = ["aiohttp (>=3.3.2)"]

[[package]]
category = "main"
description = "Python package for providing Mozilla's CA Bundle."
name = "certifi"
optional = false
python-versions = "*"
version = "2019.6.16"

[[package]]
category = "main"
description = "Universal encoding detector for Python 2 and 3"
name = "chardet"
optional = false
python-versions = "*"
version = "3.0.4"

[[package]]
category = "dev"
description = "Composable command line interface toolkit"
name = "click"
optional = false
python-versions = ">=2.7, !=3.0.*, !=3.1.*, !=3.2.*, !=3.3.*"
version = "7.0"

[[package]]
category = "dev"
description = "Hosted coverage reports for Github, Bitbucket and Gitlab"
name = "codecov"
optional = false
python-versions = "*"
version = "2.0.15"

[package.dependencies]
coverage = "*"
requests = ">=2.7.9"

[[package]]
category = "dev"
description = "Cross-platform colored terminal text."
marker = "sys_platform == \"win32\""
name = "colorama"
optional = false
python-versions = ">=2.7, !=3.0.*, !=3.1.*, !=3.2.*, !=3.3.*"
version = "0.4.1"

[[package]]
category = "dev"
description = "Code coverage measurement for Python"
name = "coverage"
optional = false
python-versions = ">=2.6, !=3.0.*, !=3.1.*, !=3.2.*, <4"
version = "4.5.4"

[[package]]
category = "main"
description = "Use Database URLs in your Django Application."
name = "dj-database-url"
optional = false
python-versions = "*"
version = "0.5.0"

[[package]]
category = "main"
description = "A high-level Python Web framework that encourages rapid development and clean, pragmatic design."
name = "django"
optional = false
python-versions = ">=3.5"
version = "2.2.4"

[package.dependencies]
pytz = "*"
sqlparse = "*"

[package.extras]
argon2 = ["argon2-cffi (>=16.1.0)"]
bcrypt = ["bcrypt"]

[[package]]
category = "main"
description = "Integrated set of Django applications addressing authentication, registration, account management as well as 3rd party (social) account authentication."
name = "django-allauth"
optional = false
python-versions = "*"
version = "0.38.0"

[package.dependencies]
Django = ">=1.11"
python-openid = ">=2.2.5"
requests = "*"
requests-oauthlib = ">=0.3.0"

[[package]]
category = "main"
description = "A helper class for handling configuration defaults of packaged apps gracefully."
name = "django-appconf"
optional = false
python-versions = "*"
version = "1.0.3"

[package.dependencies]
django = "*"
six = "*"

[[package]]
category = "main"
description = "Bootstrap support for Django projects"
name = "django-bootstrap4"
optional = false
python-versions = "*"
version = "0.0.7"

[[package]]
category = "main"
description = "Optimistic lock implementation for Django. Prevents users from doing concurrent editing."
name = "django-concurrency"
optional = false
python-versions = "*"
version = "1.4"

[package.dependencies]
six = "*"

[package.extras]
dev = ["check-manifest (0.30)", "django-webtest (>=1.9.1)", "mock (>=1.0.1)", "pytest-cov (>=1.6)", "pytest-django (>=3.0.0)", "pytest-echo (>=1.3)", "pytest-pythonpath (>=0.7.1)", "pytest (3.1)", "pdbpp", "readline", "tox (>=2.4.1)", "WebTest (>=2.0.23)", "coverage", "django-extensions", "flake8", "ipython (<6.0)", "pdbpp", "psycopg2", "sphinx"]
test = ["check-manifest (0.30)", "django-webtest (>=1.9.1)", "mock (>=1.0.1)", "pytest-cov (>=1.6)", "pytest-django (>=3.0.0)", "pytest-echo (>=1.3)", "pytest-pythonpath (>=0.7.1)", "pytest (3.1)", "pdbpp", "readline", "tox (>=2.4.1)", "WebTest (>=2.0.23)"]

[[package]]
category = "main"
description = "A configurable set of panels that display various debug information about the current request/response."
name = "django-debug-toolbar"
optional = false
python-versions = ">=2.7, !=3.0.*, !=3.1.*, !=3.2.*, !=3.3.*"
version = "1.11"

[package.dependencies]
Django = ">=1.11"
sqlparse = ">=0.2.0"

[[package]]
category = "main"
description = "A comprehensive Markdown editor built for Django."
name = "django-markdownx"
optional = false
python-versions = "*"
version = "2.0.28"

[package.dependencies]
Django = "*"
Markdown = "*"
Pillow = "*"
pip = "*"

[[package]]
category = "dev"
description = "Discover and load entry points from installed packages."
name = "entrypoints"
optional = false
python-versions = ">=2.7"
version = "0.3"

[[package]]
category = "main"
description = "simplified environment variable parsing"
name = "environs"
optional = false
python-versions = "*"
version = "4.2.0"

[package.dependencies]
marshmallow = ">=2.7.0"
python-dotenv = "*"

[package.extras]
dev = ["pytest", "mock", "webtest (2.0.33)", "dj-database-url", "dj-email-url", "flake8 (3.7.7)", "pre-commit (1.16.1)", "tox", "webtest-aiohttp (2.0.0)", "pytest-aiohttp (>=0.3.0)", "flake8-bugbear (19.3.0)"]
django = ["dj-database-url", "dj-email-url"]
lint = ["flake8 (3.7.7)", "pre-commit (1.16.1)", "flake8-bugbear (19.3.0)"]
tests = ["pytest", "mock", "webtest (2.0.33)", "dj-database-url", "dj-email-url", "webtest-aiohttp (2.0.0)", "pytest-aiohttp (>=0.3.0)"]

[[package]]
category = "dev"
description = "the modular source code checker: pep8, pyflakes and co"
name = "flake8"
optional = false
python-versions = ">=2.7, !=3.0.*, !=3.1.*, !=3.2.*, !=3.3.*"
version = "3.7.8"

[package.dependencies]
entrypoints = ">=0.3.0,<0.4.0"
mccabe = ">=0.6.0,<0.7.0"
pycodestyle = ">=2.5.0,<2.6.0"
pyflakes = ">=2.1.0,<2.2.0"

[[package]]
category = "main"
description = "Internationalized Domain Names in Applications (IDNA)"
name = "idna"
optional = false
python-versions = ">=2.7, !=3.0.*, !=3.1.*, !=3.2.*, !=3.3.*"
version = "2.8"

[[package]]
category = "dev"
description = "Read metadata from Python packages"
name = "importlib-metadata"
optional = false
python-versions = ">=2.7,!=3.0,!=3.1,!=3.2,!=3.3"
version = "0.19"

[package.dependencies]
zipp = ">=0.5"

[package.extras]
docs = ["sphinx", "rst.linker"]
testing = ["importlib-resources"]

[[package]]
category = "dev"
description = "A Python utility / library to sort Python imports."
name = "isort"
optional = false
python-versions = ">=2.7, !=3.0.*, !=3.1.*, !=3.2.*, !=3.3.*"
version = "4.3.21"

[package.extras]
pipfile = ["pipreqs", "requirementslib"]
pyproject = ["toml"]
requirements = ["pipreqs", "pip-api"]
xdg_home = ["appdirs (>=1.4.0)"]

[[package]]
category = "dev"
description = "A fast and thorough lazy object proxy."
name = "lazy-object-proxy"
optional = false
python-versions = ">=2.7, !=3.0.*, !=3.1.*, !=3.2.*, !=3.3.*"
version = "1.4.2"

[[package]]
category = "main"
description = "Python implementation of Markdown."
name = "markdown"
optional = false
python-versions = ">=2.7,!=3.0.*,!=3.1.*,!=3.2.*,!=3.3.*,!=3.4.*"
version = "3.1.1"

[package.dependencies]
setuptools = ">=36"

[package.extras]
testing = ["coverage", "pyyaml"]

[[package]]
category = "main"
description = "A lightweight library for converting complex datatypes to and from native Python datatypes."
name = "marshmallow"
optional = false
python-versions = ">=3.5"
version = "3.0.1"

[package.extras]
dev = ["pytest", "pytz", "simplejson", "flake8 (3.7.8)", "flake8-bugbear (19.8.0)", "pre-commit (>=1.17,<2.0)", "tox"]
docs = ["sphinx (2.2.0)", "sphinx-issues (1.2.0)", "alabaster (0.7.12)", "sphinx-version-warning (1.1.2)"]
lint = ["flake8 (3.7.8)", "flake8-bugbear (19.8.0)", "pre-commit (>=1.17,<2.0)"]
tests = ["pytest", "pytz", "simplejson"]

[[package]]
category = "dev"
description = "McCabe checker, plugin for flake8"
name = "mccabe"
optional = false
python-versions = "*"
version = "0.6.1"

[[package]]
category = "dev"
description = "More routines for operating on iterables, beyond itertools"
marker = "python_version > \"2.7\""
name = "more-itertools"
optional = false
python-versions = ">=3.4"
version = "7.2.0"

[[package]]
category = "main"
description = "A generic, spec-compliant, thorough implementation of the OAuth request-signing logic"
name = "oauthlib"
optional = false
python-versions = ">=2.7, !=3.0.*, !=3.1.*, !=3.2.*, !=3.3.*"
version = "3.1.0"

[package.extras]
rsa = ["cryptography"]
signals = ["blinker"]
signedtoken = ["cryptography", "pyjwt (>=1.0.0)"]

[[package]]
category = "dev"
description = "Core utilities for Python packages"
name = "packaging"
optional = false
python-versions = ">=2.7, !=3.0.*, !=3.1.*, !=3.2.*, !=3.3.*"
version = "19.1"

[package.dependencies]
attrs = "*"
pyparsing = ">=2.0.2"
six = "*"

[[package]]
category = "main"
description = "Python Imaging Library (Fork)"
name = "pillow"
optional = false
python-versions = ">=2.7, !=3.0.*, !=3.1.*, !=3.2.*, !=3.3.*, !=3.4.*"
version = "6.1.0"

[[package]]
category = "dev"
description = "plugin and hook calling mechanisms for python"
name = "pluggy"
optional = false
python-versions = ">=2.7, !=3.0.*, !=3.1.*, !=3.2.*, !=3.3.*"
version = "0.12.0"

[package.dependencies]
importlib-metadata = ">=0.12"

[package.extras]
dev = ["pre-commit", "tox"]

[[package]]
category = "main"
description = "psycopg2 - Python-PostgreSQL Database Adapter"
name = "psycopg2"
optional = true
python-versions = "*"
version = "2.7.7"

[[package]]
category = "dev"
description = "library with cross-python path, ini-parsing, io, code, log facilities"
name = "py"
optional = false
python-versions = ">=2.7, !=3.0.*, !=3.1.*, !=3.2.*, !=3.3.*"
version = "1.8.0"

[[package]]
category = "dev"
description = "Python style guide checker"
name = "pycodestyle"
optional = false
python-versions = ">=2.7, !=3.0.*, !=3.1.*, !=3.2.*, !=3.3.*"
version = "2.5.0"

[[package]]
category = "dev"
description = "passive checker of Python programs"
name = "pyflakes"
optional = false
python-versions = ">=2.7, !=3.0.*, !=3.1.*, !=3.2.*, !=3.3.*"
version = "2.1.1"

[[package]]
category = "dev"
description = "python code static checker"
name = "pylint"
optional = false
python-versions = ">=3.4.*"
version = "2.3.1"

[package.dependencies]
astroid = ">=2.2.0,<3"
colorama = "*"
isort = ">=4.2.5,<5"
mccabe = ">=0.6,<0.7"

[[package]]
category = "dev"
description = "Python parsing module"
name = "pyparsing"
optional = false
python-versions = ">=2.6, !=3.0.*, !=3.1.*, !=3.2.*"
version = "2.4.2"

[[package]]
category = "dev"
description = "pytest: simple powerful testing with Python"
name = "pytest"
optional = false
python-versions = ">=2.7, !=3.0.*, !=3.1.*, !=3.2.*, !=3.3.*"
version = "4.6.5"

[package.dependencies]
atomicwrites = ">=1.0"
attrs = ">=17.4.0"
colorama = "*"
importlib-metadata = ">=0.12"
packaging = "*"
pluggy = ">=0.12,<1.0"
py = ">=1.5.0"
six = ">=1.10.0"
wcwidth = "*"

[package.dependencies.more-itertools]
python = ">=2.8"
version = ">=4.0.0"

[package.extras]
testing = ["argcomplete", "hypothesis (>=3.56)", "nose", "requests", "mock"]

[[package]]
category = "dev"
description = "Pytest plugin for measuring coverage."
name = "pytest-cov"
optional = false
python-versions = ">=2.7, !=3.0.*, !=3.1.*, !=3.2.*, !=3.3.*"
version = "2.7.1"

[package.dependencies]
coverage = ">=4.4"
pytest = ">=3.6"

[package.extras]
testing = ["fields", "hunter", "process-tests (2.0.2)", "six", "virtualenv"]

[[package]]
category = "dev"
description = "A Django plugin for pytest."
name = "pytest-django"
optional = false
python-versions = ">=2.7, !=3.0.*, !=3.1.*, !=3.2.*, !=3.3.*"
version = "3.5.1"

[package.dependencies]
pytest = ">=3.6"

[package.extras]
docs = ["sphinx", "sphinx-rtd-theme"]
testing = ["django", "django-configurations (>=2.0)", "six"]

[[package]]
category = "main"
description = "Add .env support to your django/flask apps in development and deployments"
name = "python-dotenv"
optional = false
python-versions = "*"
version = "0.10.3"

[package.extras]
cli = ["click (>=5.0)"]

[[package]]
category = "main"
description = "OpenID support for servers and consumers."
name = "python-openid"
optional = false
python-versions = "*"
version = "2.2.5"

[[package]]
category = "main"
description = "World timezone definitions, modern and historical"
name = "pytz"
optional = false
python-versions = "*"
version = "2019.2"

[[package]]
category = "main"
description = "Python HTTP for Humans."
name = "requests"
optional = false
python-versions = ">=2.7, !=3.0.*, !=3.1.*, !=3.2.*, !=3.3.*, !=3.4.*"
version = "2.22.0"

[package.dependencies]
certifi = ">=2017.4.17"
chardet = ">=3.0.2,<3.1.0"
idna = ">=2.5,<2.9"
urllib3 = ">=1.21.1,<1.25.0 || >1.25.0,<1.25.1 || >1.25.1,<1.26"

[package.extras]
security = ["pyOpenSSL (>=0.14)", "cryptography (>=1.3.4)", "idna (>=2.0.0)"]
socks = ["PySocks (>=1.5.6,<1.5.7 || >1.5.7)", "win-inet-pton"]

[[package]]
category = "dev"
description = "Mock out responses from the requests package"
name = "requests-mock"
optional = false
python-versions = "*"
version = "1.6.0"

[package.dependencies]
requests = ">=2.3"
six = "*"

[package.extras]
fixture = ["fixtures"]
test = ["fixtures", "mock", "purl", "pytest", "sphinx", "testrepository (>=0.0.18)", "testtools"]

[[package]]
category = "main"
description = "OAuthlib authentication support for Requests."
name = "requests-oauthlib"
optional = false
python-versions = ">=2.7, !=3.0.*, !=3.1.*, !=3.2.*, !=3.3.*"
version = "1.2.0"

[package.dependencies]
oauthlib = ">=3.0.0"
requests = ">=2.0.0"

[package.extras]
rsa = ["oauthlib (>=3.0.0)"]

[[package]]
category = "main"
description = "Python 2 and 3 compatibility utilities"
name = "six"
optional = false
python-versions = ">=2.6, !=3.0.*, !=3.1.*"
version = "1.12.0"

[[package]]
category = "main"
description = "Non-validating SQL parser"
name = "sqlparse"
optional = false
python-versions = ">=2.7, !=3.0.*, !=3.1.*, !=3.2.*, !=3.3.*"
version = "0.3.0"

[[package]]
category = "dev"
description = "Python Library for Tom's Obvious, Minimal Language"
name = "toml"
optional = false
python-versions = "*"
version = "0.10.0"

[[package]]
category = "dev"
description = "a fork of Python 2 and 3 ast modules with type comment support"
marker = "implementation_name == \"cpython\""
name = "typed-ast"
optional = false
python-versions = "*"
version = "1.4.0"

[[package]]
category = "main"
description = "HTTP library with thread-safe connection pooling, file post, and more."
name = "urllib3"
optional = false
python-versions = ">=2.7, !=3.0.*, !=3.1.*, !=3.2.*, !=3.3.*, <4"
version = "1.25.3"

[package.extras]
brotli = ["brotlipy (>=0.6.0)"]
secure = ["pyOpenSSL (>=0.14)", "cryptography (>=1.3.4)", "idna (>=2.0.0)", "certifi", "ipaddress"]
socks = ["PySocks (>=1.5.6,<1.5.7 || >1.5.7,<2.0)"]

[[package]]
category = "main"
description = "Waitress WSGI server"
name = "waitress"
optional = false
python-versions = "*"
version = "1.3.0"

[package.extras]
docs = ["Sphinx (>=1.8.1)", "docutils", "pylons-sphinx-themes (>=1.0.9)"]
testing = ["nose", "coverage"]

[[package]]
category = "dev"
description = "Measures number of Terminal column cells of wide-character codes"
name = "wcwidth"
optional = false
python-versions = "*"
version = "0.1.7"

[[package]]
category = "main"
description = "Radically simplified static file serving for WSGI applications"
name = "whitenoise"
optional = false
python-versions = "*"
version = "4.1.3"

[package.extras]
brotli = ["brotli"]

[[package]]
category = "dev"
description = "Module for decorators, wrappers and monkey patching."
name = "wrapt"
optional = false
python-versions = "*"
version = "1.11.2"

[[package]]
category = "dev"
description = "Backport of pathlib-compatible object wrapper for zip files"
name = "zipp"
optional = false
python-versions = ">=2.7"
version = "0.5.2"

[package.extras]
docs = ["sphinx", "jaraco.packaging (>=3.2)", "rst.linker (>=1.9)"]
testing = ["pathlib2", "contextlib2", "unittest2"]

[metadata]
content-hash = "ea4f00db89031b495aef139ff1e3f133d390ba84a99a935e426a2d032f9fed3f"
python-versions = "~3.7"

[metadata.hashes]
appdirs = ["9e5896d1372858f8dd3344faf4e5014d21849c756c8d5701f78f8a103b372d92", "d8b24664561d0d34ddfaec54636d502d7cea6e29c3eaf68f3df6180863e2166e"]
astroid = ["6560e1e1749f68c64a4b5dee4e091fce798d2f0d84ebe638cf0e0585a343acf4", "b65db1bbaac9f9f4d190199bb8680af6f6f84fd3769a5ea883df8a91fe68b4c4"]
atomicwrites = ["03472c30eb2c5d1ba9227e4c2ca66ab8287fbfbbda3888aa93dc2e28fc6811b4", "75a9445bac02d8d058d5e1fe689654ba5a6556a1dfd8ce6ec55a0ed79866cfa6"]
attrs = ["69c0dbf2ed392de1cb5ec704444b08a5ef81680a61cb899dc08127123af36a79", "f0b870f674851ecbfbbbd364d6b5cbdff9dcedbc7f3f5e18a6891057f21fe399"]
black = ["817243426042db1d36617910df579a54f1afd659adb96fc5032fcf4b36209739", "e030a9a28f542debc08acceb273f228ac422798e5215ba2a791a6ddeaaca22a5"]
certifi = ["046832c04d4e752f37383b628bc601a7ea7211496b4638f6514d0e5b9acc4939", "945e3ba63a0b9f577b1395204e13c3a231f9bc0223888be653286534e5873695"]
chardet = ["84ab92ed1c4d4f16916e05906b6b75a6c0fb5db821cc65e70cbd64a3e2a5eaae", "fc323ffcaeaed0e0a02bf4d117757b98aed530d9ed4531e3e15460124c106691"]
click = ["2335065e6395b9e67ca716de5f7526736bfa6ceead690adf616d925bdc622b13", "5b94b49521f6456670fdb30cd82a4eca9412788a93fa6dd6df72c94d5a8ff2d7"]
codecov = ["8ed8b7c6791010d359baed66f84f061bba5bd41174bf324c31311e8737602788", "ae00d68e18d8a20e9c3288ba3875ae03db3a8e892115bf9b83ef20507732bed4"]
colorama = ["05eed71e2e327246ad6b38c540c4a3117230b19679b875190486ddd2d721422d", "f8ac84de7840f5b9c4e3347b3c1eaa50f7e49c2b07596221daec5edaabbd7c48"]
coverage = ["08907593569fe59baca0bf152c43f3863201efb6113ecb38ce7e97ce339805a6", "0be0f1ed45fc0c185cfd4ecc19a1d6532d72f86a2bac9de7e24541febad72650", "141f08ed3c4b1847015e2cd62ec06d35e67a3ac185c26f7635f4406b90afa9c5", "19e4df788a0581238e9390c85a7a09af39c7b539b29f25c89209e6c3e371270d", "23cc09ed395b03424d1ae30dcc292615c1372bfba7141eb85e11e50efaa6b351", "245388cda02af78276b479f299bbf3783ef0a6a6273037d7c60dc73b8d8d7755", "331cb5115673a20fb131dadd22f5bcaf7677ef758741312bee4937d71a14b2ef", "386e2e4090f0bc5df274e720105c342263423e77ee8826002dcffe0c9533dbca", "3a794ce50daee01c74a494919d5ebdc23d58873747fa0e288318728533a3e1ca", "60851187677b24c6085248f0a0b9b98d49cba7ecc7ec60ba6b9d2e5574ac1ee9", "63a9a5fc43b58735f65ed63d2cf43508f462dc49857da70b8980ad78d41d52fc", "6b62544bb68106e3f00b21c8930e83e584fdca005d4fffd29bb39fb3ffa03cb5", "6ba744056423ef8d450cf627289166da65903885272055fb4b5e113137cfa14f", "7494b0b0274c5072bddbfd5b4a6c6f18fbbe1ab1d22a41e99cd2d00c8f96ecfe", "826f32b9547c8091679ff292a82aca9c7b9650f9fda3e2ca6bf2ac905b7ce888", "93715dffbcd0678057f947f496484e906bf9509f5c1c38fc9ba3922893cda5f5", "9a334d6c83dfeadae576b4d633a71620d40d1c379129d587faa42ee3e2a85cce", "af7ed8a8aa6957aac47b4268631fa1df984643f07ef00acd374e456364b373f5", "bf0a7aed7f5521c7ca67febd57db473af4762b9622254291fbcbb8cd0ba5e33e", "bf1ef9eb901113a9805287e090452c05547578eaab1b62e4ad456fcc049a9b7e", "c0afd27bc0e307a1ffc04ca5ec010a290e49e3afbe841c5cafc5c5a80ecd81c9", "dd579709a87092c6dbee09d1b7cfa81831040705ffa12a1b248935274aee0437", "df6712284b2e44a065097846488f66840445eb987eb81b3cc6e4149e7b6982e1", "e07d9f1a23e9e93ab5c62902833bf3e4b1f65502927379148b6622686223125c", "e2ede7c1d45e65e209d6093b762e98e8318ddeff95317d07a27a2140b80cfd24", "e4ef9c164eb55123c62411f5936b5c2e521b12356037b6e1c2617cef45523d47", "eca2b7343524e7ba246cab8ff00cab47a2d6d54ada3b02772e908a45675722e2", "eee64c616adeff7db37cc37da4180a3a5b6177f5c46b187894e633f088fb5b28", "ef824cad1f980d27f26166f86856efe11eff9912c4fed97d3804820d43fa550c", "efc89291bd5a08855829a3c522df16d856455297cf35ae827a37edac45f466a7", "fa964bae817babece5aa2e8c1af841bebb6d0b9add8e637548809d040443fee0", "ff37757e068ae606659c28c3bd0d923f9d29a85de79bf25b2b34b148473b5025"]
dj-database-url = ["4aeaeb1f573c74835b0686a2b46b85990571159ffc21aa57ecd4d1e1cb334163", "851785365761ebe4994a921b433062309eb882fedd318e1b0fcecc607ed02da9"]
django = ["16a5d54411599780ac9dfe3b9b38f90f785c51259a584e0b24b6f14a7f69aae8", "9a2f98211ab474c710fcdad29c82f30fc14ce9917c7a70c3682162a624de4035"]
django-allauth = ["45661b6fe308466154adf54461679fab6f0c6850b10c56dc322fbbb9d47e03d9"]
django-appconf = ["35f13ca4d567f132b960e2cd4c832c2d03cb6543452d34e29b7ba10371ba80e3", "c98a7af40062e996b921f5962a1c4f3f0c979fa7885f7be4710cceb90ebe13a6"]
django-bootstrap4 = ["32ffee49c4c8ca7df543aac8733a5d45ad304078f920a0167819525bd33a955a"]
django-concurrency = ["233d23a8751989df6db2886957a8fbcc2408a1f16bb28262aab8a538d756d9d2"]
django-debug-toolbar = ["89d75b60c65db363fb24688d977e5fbf0e73386c67acf562d278402a10fc3736", "c2b0134119a624f4ac9398b44f8e28a01c7686ac350a12a74793f3dd57a9eea0"]
django-markdownx = ["285a40ab405830c0a049e05f3dafabb2c195146f577b824913555aa62512b90d", "d6e706c0b1329b23d6dcaa8754e5921fa2531711dc5afeec4ed3c73a8cb6a178"]
entrypoints = ["589f874b313739ad35be6e0cd7efde2a4e9b6fea91edcc34e58ecbb8dbe56d19", "c70dd71abe5a8c85e55e12c19bd91ccfeec11a6e99044204511f9ed547d48451"]
environs = ["9d83321a32e29c963f199bf118d9dae199b42ab22b247b11d909b0d203e068bf", "ec8c5ddd044a8ed1190cbef50ba0eef277057946b96eae457afd865c38d9e8c5"]
flake8 = ["19241c1cbc971b9962473e4438a2ca19749a7dd002dd1a946eaba171b4114548", "8e9dfa3cecb2400b3738a42c54c3043e821682b9c840b0448c0503f781130696"]
idna = ["c357b3f628cf53ae2c4c05627ecc484553142ca23264e593d327bcde5e9c3407", "ea8b7f6188e6fa117537c3df7da9fc686d485087abf6ac197f9c46432f7e4a3c"]
importlib-metadata = ["23d3d873e008a513952355379d93cbcab874c58f4f034ff657c7a87422fa64e8", "80d2de76188eabfbfcf27e6a37342c2827801e59c4cc14b0371c56fed43820e3"]
isort = ["54da7e92468955c4fceacd0c86bd0ec997b0e1ee80d97f67c35a78b719dccab1", "6e811fcb295968434526407adb8796944f1988c5b65e8139058f2014cbe100fd"]
lazy-object-proxy = ["02b260c8deb80db09325b99edf62ae344ce9bc64d68b7a634410b8e9a568edbf", "18f9c401083a4ba6e162355873f906315332ea7035803d0fd8166051e3d402e3", "1f2c6209a8917c525c1e2b55a716135ca4658a3042b5122d4e3413a4030c26ce", "2f06d97f0ca0f414f6b707c974aaf8829c2292c1c497642f63824119d770226f", "616c94f8176808f4018b39f9638080ed86f96b55370b5a9463b2ee5c926f6c5f", "63b91e30ef47ef68a30f0c3c278fbfe9822319c15f34b7538a829515b84ca2a0", "77b454f03860b844f758c5d5c6e5f18d27de899a3db367f4af06bec2e6013a8e", "83fe27ba321e4cfac466178606147d3c0aa18e8087507caec78ed5a966a64905", "84742532d39f72df959d237912344d8a1764c2d03fe58beba96a87bfa11a76d8", "874ebf3caaf55a020aeb08acead813baf5a305927a71ce88c9377970fe7ad3c2", "9f5caf2c7436d44f3cec97c2fa7791f8a675170badbfa86e1992ca1b84c37009", "a0c8758d01fcdfe7ae8e4b4017b13552efa7f1197dd7358dc9da0576f9d0328a", "a4def978d9d28cda2d960c279318d46b327632686d82b4917516c36d4c274512", "ad4f4be843dace866af5fc142509e9b9817ca0c59342fdb176ab6ad552c927f5", "ae33dd198f772f714420c5ab698ff05ff900150486c648d29951e9c70694338e", "b4a2b782b8a8c5522ad35c93e04d60e2ba7f7dcb9271ec8e8c3e08239be6c7b4", "c462eb33f6abca3b34cdedbe84d761f31a60b814e173b98ede3c81bb48967c4f", "fd135b8d35dfdcdb984828c84d695937e58cc5f49e1c854eb311c4d6aa03f4f1"]
markdown = ["2e50876bcdd74517e7b71f3e7a76102050edec255b3983403f1a63e7c8a41e7a", "56a46ac655704b91e5b7e6326ce43d5ef72411376588afa1dd90e881b83c7e8c"]
marshmallow = ["23f684b54b1955ebd5bdfbdda4062e438ef86218f14f1a356f570cdf0c016ab3", "fcfc9ffd75a883da06f30f604a4e81dd0b56eb9438f4d0a8de6bbaa163ce9ec3"]
mccabe = ["ab8a6258860da4b6677da4bd2fe5dc2c659cff31b3ee4f7f5d64e79735b80d42", "dd8d182285a0fe56bace7f45b5e7d1a6ebcbf524e8f3bd87eb0f125271b8831f"]
more-itertools = ["409cd48d4db7052af495b09dec721011634af3753ae1ef92d2b32f73a745f832", "92b8c4b06dac4f0611c0729b2f2ede52b2e1bac1ab48f089c7ddc12e26bb60c4"]
oauthlib = ["bee41cc35fcca6e988463cacc3bcb8a96224f470ca547e697b604cc697b2f889", "df884cd6cbe20e32633f1db1072e9356f53638e4361bef4e8b03c9127c9328ea"]
packaging = ["a7ac867b97fdc07ee80a8058fe4435ccd274ecc3b0ed61d852d7d53055528cf9", "c491ca87294da7cc01902edbe30a5bc6c4c28172b5138ab4e4aa1b9d7bfaeafe"]
pillow = ["0804f77cb1e9b6dbd37601cee11283bba39a8d44b9ddb053400c58e0c0d7d9de", "0ab7c5b5d04691bcbd570658667dd1e21ca311c62dcfd315ad2255b1cd37f64f", "0b3e6cf3ea1f8cecd625f1420b931c83ce74f00c29a0ff1ce4385f99900ac7c4", "0c6ce6ae03a50b0306a683696234b8bc88c5b292d4181ae365b89bd90250ab08", "1454ee7297a81c8308ad61d74c849486efa1badc543453c4b90db0bf99decc1c", "23efd7f83f2ad6036e2b9ef27a46df7e333de1ad9087d341d87e12225d0142b2", "365c06a45712cd723ec16fa4ceb32ce46ad201eb7bbf6d3c16b063c72b61a3ed", "38301fbc0af865baa4752ddae1bb3cbb24b3d8f221bf2850aad96b243306fa03", "3aef1af1a91798536bbab35d70d35750bd2884f0832c88aeb2499aa2d1ed4992", "3c86051d41d1c8b28b9dde08ac93e73aa842991995b12771b0af28da49086bbf", "3fe0ab49537d9330c9bba7f16a5f8b02da615b5c809cdf7124f356a0f182eccd", "406c856e0f6fc330322a319457d9ff6162834050cda2cf1eaaaea4b771d01914", "45a619d5c1915957449264c81c008934452e3fd3604e36809212300b2a4dab68", "49f90f147883a0c3778fd29d3eb169d56416f25758d0f66775db9184debc8010", "504f5334bfd974490a86fef3e3b494cd3c332a8a680d2f258ca03388b40ae230", "51fe9cfcd32c849c6f36ca293648f279fc5097ca8dd6e518b10df3a6a9a13431", "571b5a758baf1cb6a04233fb23d6cf1ca60b31f9f641b1700bfaab1194020555", "5ac381e8b1259925287ccc5a87d9cf6322a2dc88ae28a97fe3e196385288413f", "6052a9e9af4a9a2cc01da4bbee81d42d33feca2bde247c4916d8274b12bb31a4", "6153db744a743c0c8c91b8e3b9d40e0b13a5d31dbf8a12748c6d9bfd3ddc01ad", "6fd63afd14a16f5d6b408f623cc2142917a1f92855f0df997e09a49f0341be8a", "70acbcaba2a638923c2d337e0edea210505708d7859b87c2bd81e8f9902ae826", "70b1594d56ed32d56ed21a7fbb2a5c6fd7446cdb7b21e749c9791eac3a64d9e4", "76638865c83b1bb33bcac2a61ce4d13c17dba2204969dedb9ab60ef62bede686", "7b2ec162c87fc496aa568258ac88631a2ce0acfe681a9af40842fc55deaedc99", "7b403ea842b70c4fa0a4969a5d8d86e932c941095b7cda077ea68f7b98ead30b", "7be698a28175eae5354da94f5f3dc787d5efae6aca7ad1f286a781afde6a27dd", "7cee2cef07c8d76894ebefc54e4bb707dfc7f258ad155bd61d87f6cd487a70ff", "7d16d4498f8b374fc625c4037742fbdd7f9ac383fd50b06f4df00c81ef60e829", "82840783842b27933cc6388800cb547f31caf436f7e23384d456bdf5fc8dfe49", "8755e600b33f4e8c76a590b42acc35d24f4dc801a5868519ce569b9462d77598", "9159285ab4030c6f85e001468cb5886de05e6bd9304e9e7d46b983f7d2fad0cc", "b50bc1780681b127e28f0075dfb81d6135c3a293e0c1d0211133c75e2179b6c0", "b5aa19f1da16b4f5e47b6930053f08cba77ceccaed68748061b0ec24860e510c", "bd0582f831ad5bcad6ca001deba4568573a4675437db17c4031939156ff339fa", "cdd53acd3afb9878a2289a1b55807871f9877c81174ae0d3763e52f907131d25", "cfd40d8a4b59f7567620410f966bb1f32dc555b2b19f82a91b147fac296f645c", "e150c5aed6e67321edc6893faa6701581ca2d393472f39142a00e551bcd249a5", "e3ae410089de680e8f84c68b755b42bc42c0ceb8c03dbea88a5099747091d38e", "e403b37c6a253ebca5d0f2e5624643997aaae529dc96299162418ef54e29eb70", "e9046e559c299b395b39ac7dbf16005308821c2f24a63cae2ab173bd6aa11616", "ef6be704ae2bc8ad0ebc5cb850ee9139493b0fc4e81abcc240fb392a63ebc808", "f8dc19d92896558f9c4317ee365729ead9d7bbcf2052a9a19a3ef17abbb8ac5b"]
pluggy = ["0825a152ac059776623854c1543d65a4ad408eb3d33ee114dff91e57ec6ae6fc", "b9817417e95936bf75d85d3f8767f7df6cdde751fc40aed3bb3074cbcb77757c"]
psycopg2 = ["02445ebbb3a11a3fe8202c413d5e6faf38bb75b4e336203ee144ca2c46529f94", "0e9873e60f98f0c52339abf8f0339d1e22bfe5aae0bcf7aabd40c055175035ec", "1148a5eb29073280bf9057c7fc45468592c1bb75a28f6df1591adb93c8cb63d0", "259a8324e109d4922b0fcd046e223e289830e2568d6f4132a3702439e5fd532b", "28dffa9ed4595429e61bacac41d3f9671bb613d1442ff43bcbec63d4f73ed5e8", "314a74302d4737a3865d40ea50e430ce1543c921ba10f39d562e807cfe2edf2a", "36b60201b6d215d7658a71493fdf6bd5e60ad9a0cffed39906627ff9f4f3afd3", "3f9d532bce54c4234161176ff3b8688ff337575ca441ea27597e112dfcd0ee0c", "5d222983847b40af989ad96c07fc3f07e47925e463baa5de716be8f805b41d9b", "6757a6d2fc58f7d8f5d471ad180a0bd7b4dd3c7d681f051504fbea7ae29c8d6f", "6a0e0f1e74edb0ab57d89680e59e7bfefad2bfbdf7c80eb38304d897d43674bb", "6ca703ccdf734e886a1cf53eb702261110f6a8b0ed74bcad15f1399f74d3f189", "8513b953d8f443c446aa79a4cc8a898bd415fc5e29349054f03a7d696d495542", "9262a5ce2038570cb81b4d6413720484cb1bc52c064b2f36228d735b1f98b794", "97441f851d862a0c844d981cbee7ee62566c322ebb3d68f86d66aa99d483985b", "a07feade155eb8e69b54dd6774cf6acf2d936660c61d8123b8b6b1f9247b67d6", "a9b9c02c91b1e3ec1f1886b2d0a90a0ea07cc529cb7e6e472b556bc20ce658f3", "ae88216f94728d691b945983140bf40d51a1ff6c7fe57def93949bf9339ed54a", "b360ffd17659491f1a6ad7c928350e229c7b7bd83a2b922b6ee541245c7a776f", "b4221957ceccf14b2abdabef42d806e791350be10e21b260d7c9ce49012cc19e", "b90758e49d5e6b152a460d10b92f8a6ccf318fcc0ee814dcf53f3a6fc5328789", "c669ea986190ed05fb289d0c100cc88064351f2b85177cbfd3564c4f4847d18c", "d1b61999d15c79cf7f4f7cc9021477aef35277fc52452cf50fd13b713c84424d", "de7bb043d1adaaf46e38d47e7a5f703bb3dab01376111e522b07d25e1a79c1e1", "e393568e288d884b94d263f2669215197840d097c7e5b0acd1a51c1ea7d1aba8", "ed7e0849337bd37d89f2c2b0216a0de863399ee5d363d31b1e5330a99044737b", "f153f71c3164665d269a5d03c7fa76ba675c7a8de9dc09a4e2c2cdc9936a7b41", "f1fb5a8427af099beb7f65093cbdb52e021b8e6dbdfaf020402a623f4181baf5", "f36b333e9f86a2fba960c72b90c34be6ca71819e300f7b1fc3d2b0f0b2c546cd", "f4526d078aedd5187d0508aa5f9a01eae6a48a470ed678406da94b4cd6524b7e"]
py = ["64f65755aee5b381cea27766a3a147c3f15b9b6b9ac88676de66ba2ae36793fa", "dc639b046a6e2cff5bbe40194ad65936d6ba360b52b3c3fe1d08a82dd50b5e53"]
pycodestyle = ["95a2219d12372f05704562a14ec30bc76b05a5b297b21a5dfe3f6fac3491ae56", "e40a936c9a450ad81df37f549d676d127b1b66000a6c500caa2b085bc0ca976c"]
pyflakes = ["17dbeb2e3f4d772725c777fabc446d5634d1038f234e77343108ce445ea69ce0", "d976835886f8c5b31d47970ed689944a0262b5f3afa00a5a7b4dc81e5449f8a2"]
pylint = ["5d77031694a5fb97ea95e828c8d10fc770a1df6eb3906067aaed42201a8a6a09", "723e3db49555abaf9bf79dc474c6b9e2935ad82230b10c1138a71ea41ac0fff1"]
pyparsing = ["6f98a7b9397e206d78cc01df10131398f1c8b8510a2f4d97d9abd82e1aacdd80", "d9338df12903bbf5d65a0e4e87c2161968b10d2e489652bb47001d82a9b028b4"]
pytest = ["8fc39199bdda3d9d025d3b1f4eb99a192c20828030ea7c9a0d2840721de7d347", "d100a02770f665f5dcf7e3f08202db29857fee6d15f34c942be0a511f39814f0"]
pytest-cov = ["2b097cde81a302e1047331b48cadacf23577e431b61e9c6f49a1170bbe3d3da6", "e00ea4fdde970725482f1f35630d12f074e121a23801aabf2ae154ec6bdd343a"]
pytest-django = ["264fb4c506db5d48a6364c311a0b00b7b48a52715bad8839b2d8bee9b99ed6bb", "4adfe5fb3ed47f0ba55506dd3daf688b1f74d5e69148c10ad2dd2f79f40c0d62"]
python-dotenv = ["debd928b49dbc2bf68040566f55cdb3252458036464806f4094487244e2a4093", "f157d71d5fec9d4bd5f51c82746b6344dffa680ee85217c123f4a0c8117c4544"]
python-openid = ["92c51c3ecec846cbec4aeff11f9ff47303d4a63f93b0e6ac0ec02a091fed70ef", "c2d133e47e0a7705c9272eef00d7a09c174f5bf17a127fed8e2c6499556cc782"]
pytz = ["26c0b32e437e54a18161324a2fca3c4b9846b74a8dccddd843113109e1116b32", "c894d57500a4cd2d5c71114aaab77dbab5eabd9022308ce5ac9bb93a60a6f0c7"]
requests = ["11e007a8a2aa0323f5a921e9e6a2d7e4e67d9877e85773fba9ba6419025cbeb4", "9cf5292fcd0f598c671cfc1e0d7d1a7f13bb8085e9a590f48c010551dc6c4b31"]
requests-mock = ["12e17c7ad1397fd1df5ead7727eb3f1bdc9fe1c18293b0492e0e01b57997e38d", "dc9e416a095ee7c3360056990d52e5611fb94469352fc1c2dc85be1ff2189146"]
requests-oauthlib = ["bd6533330e8748e94bf0b214775fed487d309b8b8fe823dc45641ebcd9a32f57", "d3ed0c8f2e3bbc6b344fa63d6f933745ab394469da38db16bdddb461c7e25140", "dd5a0499abfefd087c6dd96693cbd5bfd28aa009719a7f85ab3fabe3956ef19a"]
six = ["3350809f0555b11f552448330d0b52d5f24c91a322ea4a15ef22629740f3761c", "d16a0141ec1a18405cd4ce8b4613101da75da0e9a7aec5bdd4fa804d0e0eba73"]
sqlparse = ["40afe6b8d4b1117e7dff5504d7a8ce07d9a1b15aeeade8a2d10f130a834f8177", "7c3dca29c022744e95b547e867cee89f4fce4373f3549ccd8797d8eb52cdb873"]
toml = ["229f81c57791a41d65e399fc06bf0848bab550a9dfd5ed66df18ce5f05e73d5c", "235682dd292d5899d361a811df37e04a8828a5b1da3115886b73cf81ebc9100e", "f1db651f9657708513243e61e6cc67d101a39bad662eaa9b5546f789338e07a3"]
typed-ast = ["18511a0b3e7922276346bcb47e2ef9f38fb90fd31cb9223eed42c85d1312344e", "262c247a82d005e43b5b7f69aff746370538e176131c32dda9cb0f324d27141e", "2b907eb046d049bcd9892e3076c7a6456c93a25bebfe554e931620c90e6a25b0", "354c16e5babd09f5cb0ee000d54cfa38401d8b8891eefa878ac772f827181a3c", "4e0b70c6fc4d010f8107726af5fd37921b666f5b31d9331f0bd24ad9a088e631", "630968c5cdee51a11c05a30453f8cd65e0cc1d2ad0d9192819df9978984529f4", "66480f95b8167c9c5c5c87f32cf437d585937970f3fc24386f313a4c97b44e34", "71211d26ffd12d63a83e079ff258ac9d56a1376a25bc80b1cdcdf601b855b90b", "95bd11af7eafc16e829af2d3df510cecfd4387f6453355188342c3e79a2ec87a", "bc6c7d3fa1325a0c6613512a093bc2a2a15aeec350451cbdf9e1d4bffe3e3233", "cc34a6f5b426748a507dd5d1de4c1978f2eb5626d51326e43280941206c209e1", "d755f03c1e4a51e9b24d899561fec4ccaf51f210d52abdf8c07ee2849b212a36", "d7c45933b1bdfaf9f36c579671fec15d25b06c8398f113dab64c18ed1adda01d", "d896919306dd0aa22d0132f62a1b78d11aaf4c9fc5b3410d3c666b818191630a", "ffde2fbfad571af120fcbfbbc61c72469e72f550d676c3342492a9dfdefb8f12"]
urllib3 = ["b246607a25ac80bedac05c6f282e3cdaf3afb65420fd024ac94435cabe6e18d1", "dbe59173209418ae49d485b87d1681aefa36252ee85884c31346debd19463232"]
waitress = ["4e2a6e6fca56d6d3c279f68a2b2cc9b4798d834ea3c3a9db3e2b76b6d66f4526", "90fe750cd40b282fae877d3c866255d485de18e8a232e93de42ebd9fb750eebb"]
wcwidth = ["3df37372226d6e63e1b1e1eda15c594bca98a22d33a23832a90998faa96bc65e", "f4ebe71925af7b40a864553f761ed559b43544f8f71746c2d756c7fe788ade7c"]
whitenoise = ["59d880d25d0e90bcc6554fe0504a11195bd2e59b3d690b6fb42a8040d4e67ef5", "c9b7c47fdc1dba4d37bf2787a01a844dc7a521e174fcd22a2d429e0be65e1782"]
wrapt = ["565a021fd19419476b9362b05eeaa094178de64f8361e44468f9e9d7843901e1"]
zipp = ["4970c3758f4e89a7857a973b1e2a5d75bcdc47794442f2e2dd4fe8e0466e809a", "8a5712cfd3bb4248015eb3b0b3c54a5f6ee3f2425963ef2a0125b8bc40aafaec"]
